Microsoft Visual Studio Solution File, Format Version 12.00
# Visual Studio Version 17
VisualStudioVersion = 17.5.2.0
MinimumVisualStudioVersion = 10.0.40219.1
Project("{FAE04EC0-301F-11D3-BF4B-00C04F79EFBC}") = "Gitapi", "Gitapi.csproj", "{CCEE274E-DB76-DD4F-1D99-7864D9B30040}"
EndProject
Global
	GlobalSection(SolutionConfigurationPlatforms) = preSolution
		Debug|Any CPU = Debug|Any CPU
		Release|Any CPU = Release|Any CPU
	EndGlobalSection
	GlobalSection(ProjectConfigurationPlatforms) = postSolution
		{CCEE274E-DB76-DD4F-1D99-7864D9B30040}.Debug|Any CPU.ActiveCfg = Debug|Any CPU
		{CCEE274E-DB76-DD4F-1D99-7864D9B30040}.Debug|Any CPU.Build.0 = Debug|Any CPU
		{CCEE274E-DB76-DD4F-1D99-7864D9B30040}.Release|Any CPU.ActiveCfg = Release|Any CPU
		{CCEE274E-DB76-DD4F-1D99-7864D9B30040}.Release|Any CPU.Build.0 = Release|Any CPU
	EndGlobalSection
	GlobalSection(SolutionProperties) = preSolution
		HideSolutionNode = FALSE
	EndGlobalSection
	GlobalSection(ExtensibilityGlobals) = postSolution
		SolutionGuid = {C5C48644-12A9-49E6-9ECA-6A2C696BAFAD}
	EndGlobalSection
EndGlobal
